// !$*UTF8*$!
{
	archiveVersion = 1;
	classes = {
	};
	objectVersion = 55;
	objects = {

/* Begin PBXBuildFile section */
		32514B8B28E36E7900CD5A00 /* Coordinator Protocol.swift in Sources */ = {isa = PBXBuildFile; fileRef = 32514B8A28E36E7900CD5A00 /* Coordinator Protocol.swift */; };
		32514B8D28E36EB200CD5A00 /* StoryBoardedProtocol.swift in Sources */ = {isa = PBXBuildFile; fileRef = 32514B8C28E36EB200CD5A00 /* StoryBoardedProtocol.swift */; };
		32514B8F28E36F0500CD5A00 /* Main Coordinator.swift in Sources */ = {isa = PBXBuildFile; fileRef = 32514B8E28E36F0500CD5A00 /* Main Coordinator.swift */; };
		32514B9128E3715B00CD5A00 /* SecondVC Coordinator.swift in Sources */ = {isa = PBXBuildFile; fileRef = 32514B9028E3715B00CD5A00 /* SecondVC Coordinator.swift */; };
		32AD086828E2191D00F5A3B3 /* AppDelegate.swift in Sources */ = {isa = PBXBuildFile; fileRef = 32AD086728E2191D00F5A3B3 /* AppDelegate.swift */; };
		32AD086A28E2191D00F5A3B3 /* SceneDelegate.swift in Sources */ = {isa = PBXBuildFile; fileRef = 32AD086928E2191D00F5A3B3 /* SceneDelegate.swift */; };
		32AD086C28E2191D00F5A3B3 /* FirstVC.swift in Sources */ = {isa = PBXBuildFile; fileRef = 32AD086B28E2191D00F5A3B3 /* FirstVC.swift */; };
		32AD086F28E2191D00F5A3B3 /* Main.storyboard in Resources */ = {isa = PBXBuildFile; fileRef = 32AD086D28E2191D00F5A3B3 /* Main.storyboard */; };
		32AD087128E2191F00F5A3B3 /* Assets.xcassets in Resources */ = {isa = PBXBuildFile; fileRef = 32AD087028E2191F00F5A3B3 /* Assets.xcassets */; };
		32AD087428E2191F00F5A3B3 /* LaunchScreen.storyboard in Resources */ = {isa = PBXBuildFile; fileRef = 32AD087228E2191F00F5A3B3 /* LaunchScreen.storyboard */; };
		32AD087C28E21A7800F5A3B3 /* SecondVC.swift in Sources */ = {isa = PBXBuildFile; fileRef = 32AD087B28E21A7800F5A3B3 /* SecondVC.swift */; };
		32AD087E28E21BEA00F5A3B3 /* ColorTransferProtocol.swift in Sources */ = {isa = PBXBuildFile; fileRef = 32AD087D28E21BEA00F5A3B3 /* ColorTransferProtocol.swift */; };
		32AD088028E2362700F5A3B3 /* KVO Class.swift in Sources */ = {isa = PBXBuildFile; fileRef = 32AD087F28E2362700F5A3B3 /* KVO Class.swift */; };
		32AD088228E23FDC00F5A3B3 /* KVO Observer.swift in Sources */ = {isa = PBXBuildFile; fileRef = 32AD088128E23FDC00F5A3B3 /* KVO Observer.swift */; };
		32AD088428E2445600F5A3B3 /* NSNotification Extension.swift in Sources */ = {isa = PBXBuildFile; fileRef = 32AD088328E2445600F5A3B3 /* NSNotification Extension.swift */; };
		32AD088628E2466300F5A3B3 /* CatClassForNotification.swift in Sources */ = {isa = PBXBuildFile; fileRef = 32AD088528E2466300F5A3B3 /* CatClassForNotification.swift */; };
/* End PBXBuildFile section */

/* Begin PBXFileReference section */
		32514B8A28E36E7900CD5A00 /* Coordinator Protocol.swift */ = {isa = PBXFileReference; lastKnownFileType = sourcecode.swift; path = "Coordinator Protocol.swift"; sourceTree = "<group>"; };
		32514B8C28E36EB200CD5A00 /* StoryBoardedProtocol.swift */ = {isa = PBXFileReference; lastKnownFileType = sourcecode.swift; path = StoryBoardedProtocol.swift; sourceTree = "<group>"; };
		32514B8E28E36F0500CD5A00 /* Main Coordinator.swift */ = {isa = PBXFileReference; lastKnownFileType = sourcecode.swift; path = "Main Coordinator.swift"; sourceTree = "<group>"; };
		32514B9028E3715B00CD5A00 /* SecondVC Coordinator.swift */ = {isa = PBXFileReference; lastKnownFileType = sourcecode.swift; path = "SecondVC Coordinator.swift"; sourceTree = "<group>"; };
		32AD086428E2191D00F5A3B3 /* Data Transfer.app */ = {isa = PBXFileReference; explicitFileType = wrapper.application; includeInIndex = 0; path = "Data Transfer.app"; sourceTree = BUILT_PRODUCTS_DIR; };
		32AD086728E2191D00F5A3B3 /* AppDelegate.swift */ = {isa = PBXFileReference; lastKnownFileType = sourcecode.swift; path = AppDelegate.swift; sourceTree = "<group>"; };
		32AD086928E2191D00F5A3B3 /* SceneDelegate.swift */ = {isa = PBXFileReference; lastKnownFileType = sourcecode.swift; path = SceneDelegate.swift; sourceTree = "<group>"; };
		32AD086B28E2191D00F5A3B3 /* FirstVC.swift */ = {isa = PBXFileReference; lastKnownFileType = sourcecode.swift; path = FirstVC.swift; sourceTree = "<group>"; };
		32AD086E28E2191D00F5A3B3 /* Base */ = {isa = PBXFileReference; lastKnownFileType = file.storyboard; name = Base; path = Base.lproj/Main.storyboard; sourceTree = "<group>"; };
		32AD087028E2191F00F5A3B3 /* Assets.xcassets */ = {isa = PBXFileReference; lastKnownFileType = folder.assetcatalog; path = Assets.xcassets; sourceTree = "<group>"; };
		32AD087328E2191F00F5A3B3 /* Base */ = {isa = PBXFileReference; lastKnownFileType = file.storyboard; name = Base; path = Base.lproj/LaunchScreen.storyboard; sourceTree = "<group>"; };
		32AD087528E2191F00F5A3B3 /* Info.plist */ = {isa = PBXFileReference; lastKnownFileType = text.plist.xml; path = Info.plist; sourceTree = "<group>"; };
		32AD087B28E21A7800F5A3B3 /* SecondVC.swift */ = {isa = PBXFileReference; lastKnownFileType = sourcecode.swift; path = SecondVC.swift; sourceTree = "<group>"; };
		32AD087D28E21BEA00F5A3B3 /* ColorTransferProtocol.swift */ = {isa = PBXFileReference; lastKnownFileType = sourcecode.swift; path = ColorTransferProtocol.swift; sourceTree = "<group>"; };
		32AD087F28E2362700F5A3B3 /* KVO Class.swift */ = {isa = PBXFileReference; lastKnownFileType = sourcecode.swift; path = "KVO Class.swift"; sourceTree = "<group>"; };
		32AD088128E23FDC00F5A3B3 /* KVO Observer.swift */ = {isa = PBXFileReference; lastKnownFileType = sourcecode.swift; path = "KVO Observer.swift"; sourceTree = "<group>"; };
		32AD088328E2445600F5A3B3 /* NSNotification Extension.swift */ = {isa = PBXFileReference; lastKnownFileType = sourcecode.swift; path = "NSNotification Extension.swift"; sourceTree = "<group>"; };
		32AD088528E2466300F5A3B3 /* CatClassForNotification.swift */ = {isa = PBXFileReference; lastKnownFileType = sourcecode.swift; path = CatClassForNotification.swift; sourceTree = "<group>"; };
/* End PBXFileReference section */

/* Begin PBXFrameworksBuildPhase section */
		32AD086128E2191D00F5A3B3 /* Frameworks */ = {
			isa = PBXFrameworksBuildPhase;
			buildActionMask = 2147483647;
			files = (
			);
			runOnlyForDeploymentPostprocessing = 0;
		};
/* End PBXFrameworksBuildPhase section */

/* Begin PBXGroup section */
		32514B8928E36E5C00CD5A00 /* Coordinator */ = {
			isa = PBXGroup;
			children = (
				32514B8A28E36E7900CD5A00 /* Coordinator Protocol.swift */,
				32514B8C28E36EB200CD5A00 /* StoryBoardedProtocol.swift */,
				32514B8E28E36F0500CD5A00 /* Main Coordinator.swift */,
				32514B9028E3715B00CD5A00 /* SecondVC Coordinator.swift */,
			);
			path = Coordinator;
			sourceTree = "<group>";
		};
		32AD085B28E2191D00F5A3B3 = {
			isa = PBXGroup;
			children = (
				32AD086628E2191D00F5A3B3 /* Data Transfer */,
				32AD086528E2191D00F5A3B3 /* Products */,
			);
			sourceTree = "<group>";
		};
		32AD086528E2191D00F5A3B3 /* Products */ = {
			isa = PBXGroup;
			children = (
				32AD086428E2191D00F5A3B3 /* Data Transfer.app */,
			);
			name = Products;
			sourceTree = "<group>";
		};
		32AD086628E2191D00F5A3B3 /* Data Transfer */ = {
			isa = PBXGroup;
			children = (
				32514B8928E36E5C00CD5A00 /* Coordinator */,
				32AD086728E2191D00F5A3B3 /* AppDelegate.swift */,
				32AD086928E2191D00F5A3B3 /* SceneDelegate.swift */,
				32AD086B28E2191D00F5A3B3 /* FirstVC.swift */,
				32AD087B28E21A7800F5A3B3 /* SecondVC.swift */,
				32AD086D28E2191D00F5A3B3 /* Main.storyboard */,
				32AD087028E2191F00F5A3B3 /* Assets.xcassets */,
				32AD087228E2191F00F5A3B3 /* LaunchScreen.storyboard */,
				32AD087528E2191F00F5A3B3 /* Info.plist */,
				32AD087D28E21BEA00F5A3B3 /* ColorTransferProtocol.swift */,
				32AD087F28E2362700F5A3B3 /* KVO Class.swift */,
				32AD088128E23FDC00F5A3B3 /* KVO Observer.swift */,
				32AD088328E2445600F5A3B3 /* NSNotification Extension.swift */,
				32AD088528E2466300F5A3B3 /* CatClassForNotification.swift */,
			);
			path = "Data Transfer";
			sourceTree = "<group>";
		};
/* End PBXGroup section */

/* Begin PBXNativeTarget section */
		32AD086328E2191D00F5A3B3 /* Data Transfer */ = {
			isa = PBXNativeTarget;
			buildConfigurationList = 32AD087828E2191F00F5A3B3 /* Build configuration list for PBXNativeTarget "Data Transfer" */;
			buildPhases = (
				32AD086028E2191D00F5A3B3 /* Sources */,
				32AD086128E2191D00F5A3B3 /* Frameworks */,
				32AD086228E2191D00F5A3B3 /* Resources */,
			);
			buildRules = (
			);
			dependencies = (
			);
			name = "Data Transfer";
			productName = "Data Transfer";
			productReference = 32AD086428E2191D00F5A3B3 /* Data Transfer.app */;
			productType = "com.apple.product-type.application";
		};
/* End PBXNativeTarget section */

/* Begin PBXProject section */
		32AD085C28E2191D00F5A3B3 /* Project object */ = {
			isa = PBXProject;
			attributes = {
				BuildIndependentTargetsInParallel = 1;
				LastSwiftUpdateCheck = 1340;
				LastUpgradeCheck = 1340;
				TargetAttributes = {
					32AD086328E2191D00F5A3B3 = {
						CreatedOnToolsVersion = 13.4;
					};
				};
			};
			buildConfigurationList = 32AD085F28E2191D00F5A3B3 /* Build configuration list for PBXProject "Data Transfer" */;
			compatibilityVersion = "Xcode 13.0";
			developmentRegion = en;
			hasScannedForEncodings = 0;
			knownRegions = (
				en,
				Base,
			);
			mainGroup = 32AD085B28E2191D00F5A3B3;
			productRefGroup = 32AD086528E2191D00F5A3B3 /* Products */;
			projectDirPath = "";
			projectRoot = "";
			targets = (
				32AD086328E2191D00F5A3B3 /* Data Transfer */,
			);
		};
/* End PBXProject section */

/* Begin PBXResourcesBuildPhase section */
		32AD086228E2191D00F5A3B3 /* Resources */ = {
			isa = PBXResourcesBuildPhase;
			buildActionMask = 2147483647;
			files = (
				32AD087428E2191F00F5A3B3 /* LaunchScreen.storyboard in Resources */,
				32AD087128E2191F00F5A3B3 /* Assets.xcassets in Resources */,
				32AD086F28E2191D00F5A3B3 /* Main.storyboard in Resources */,
			);
			runOnlyForDeploymentPostprocessing = 0;
		};
/* End PBXResourcesBuildPhase section */

/* Begin PBXSourcesBuildPhase section */
		32AD086028E2191D00F5A3B3 /* Sources */ = {
			isa = PBXSourcesBuildPhase;
			buildActionMask = 2147483647;
			files = (
				32AD088028E2362700F5A3B3 /* KVO Class.swift in Sources */,
				32514B9128E3715B00CD5A00 /* SecondVC Coordinator.swift in Sources */,
				32AD087E28E21BEA00F5A3B3 /* ColorTransferProtocol.swift in Sources */,
				32AD086C28E2191D00F5A3B3 /* FirstVC.swift in Sources */,
				32514B8B28E36E7900CD5A00 /* Coordinator Protocol.swift in Sources */,
				32AD086828E2191D00F5A3B3 /* AppDelegate.swift in Sources */,
				32AD086A28E2191D00F5A3B3 /* SceneDelegate.swift in Sources */,
				32514B8F28E36F0500CD5A00 /* Main Coordinator.swift in Sources */,
				32AD088628E2466300F5A3B3 /* CatClassForNotification.swift in Sources */,
				32AD087C28E21A7800F5A3B3 /* SecondVC.swift in Sources */,
				32514B8D28E36EB200CD5A00 /* StoryBoardedProtocol.swift in Sources */,
				32AD088428E2445600F5A3B3 /* NSNotification Extension.swift in Sources */,
				32AD088228E23FDC00F5A3B3 /* KVO Observer.swift in Sources */,
			);
			runOnlyForDeploymentPostprocessing = 0;
		};
/* End PBXSourcesBuildPhase section */

/* Begin PBXVariantGroup section */
		32AD086D28E2191D00F5A3B3 /* Main.storyboard */ = {
			isa = PBXVariantGroup;
			children = (
				32AD086E28E2191D00F5A3B3 /* Base */,
			);
			name = Main.storyboard;
			sourceTree = "<group>";
		};
		32AD087228E2191F00F5A3B3 /* LaunchScreen.storyboard */ = {
			isa = PBXVariantGroup;
			children = (
				32AD087328E2191F00F5A3B3 /* Base */,
			);
			name = LaunchScreen.storyboard;
			sourceTree = "<group>";
		};
/* End PBXVariantGroup section */

/* Begin XCBuildConfiguration section */
		32AD087628E2191F00F5A3B3 /* Debug */ = {
			isa = XCBuildConfiguration;
			buildSettings = {
				ALWAYS_SEARCH_USER_PATHS = NO;
				CLANG_ANALYZER_NONNULL = YES;
				CLANG_ANALYZER_NUMBER_OBJECT_CONVERSION = YES_AGGRESSIVE;
				CLANG_CXX_LANGUAGE_STANDARD = "gnu++17";
				CLANG_ENABLE_MODULES = YES;
				CLANG_ENABLE_OBJC_ARC = YES;
				CLANG_ENABLE_OBJC_WEAK = YES;
				CLANG_WARN_BLOCK_CAPTURE_AUTORELEASING = YES;
				CLANG_WARN_BOOL_CONVERSION = YES;
				CLANG_WARN_COMMA = YES;
				CLANG_WARN_CONSTANT_CONVERSION = YES;
				CLANG_WARN_DEPRECATED_OBJC_IMPLEMENTATIONS = YES;
				CLANG_WARN_DIRECT_OBJC_ISA_USAGE = YES_ERROR;
				CLANG_WARN_DOCUMENTATION_COMMENTS = YES;
				CLANG_WARN_EMPTY_BODY = YES;
				CLANG_WARN_ENUM_CONVERSION = YES;
				CLANG_WARN_INFINITE_RECURSION = YES;
				CLANG_WARN_INT_CONVERSION = YES;
				CLANG_WARN_NON_LITERAL_NULL_CONVERSION = YES;
				CLANG_WARN_OBJC_IMPLICIT_RETAIN_SELF = YES;
				CLANG_WARN_OBJC_LITERAL_CONVERSION = YES;
				CLANG_WARN_OBJC_ROOT_CLASS = YES_ERROR;
				CLANG_WARN_QUOTED_INCLUDE_IN_FRAMEWORK_HEADER = YES;
				CLANG_WARN_RANGE_LOOP_ANALYSIS = YES;
				CLANG_WARN_STRICT_PROTOTYPES = YES;
				CLANG_WARN_SUSPICIOUS_MOVE = YES;
				CLANG_WARN_UNGUARDED_AVAILABILITY = YES_AGGRESSIVE;
				CLANG_WARN_UNREACHABLE_CODE = YES;
				CLANG_WARN__DUPLICATE_METHOD_MATCH = YES;
				COPY_PHASE_STRIP = NO;
				DEBUG_INFORMATION_FORMAT = dwarf;
				ENABLE_STRICT_OBJC_MSGSEND = YES;
				ENABLE_TESTABILITY = YES;
				GCC_C_LANGUAGE_STANDARD = gnu11;
				GCC_DYNAMIC_NO_PIC = NO;
				GCC_NO_COMMON_BLOCKS = YES;
				GCC_OPTIMIZATION_LEVEL = 0;
				GCC_PREPROCESSOR_DEFINITIONS = (
					"DEBUG=1",
					"$(inherited)",
				);
				GCC_WARN_64_TO_32_BIT_CONVERSION = YES;
				GCC_WARN_ABOUT_RETURN_TYPE = YES_ERROR;
				GCC_WARN_UNDECLARED_SELECTOR = YES;
				GCC_WARN_UNINITIALIZED_AUTOS = YES_AGGRESSIVE;
				GCC_WARN_UNUSED_FUNCTION = YES;
				GCC_WARN_UNUSED_VARIABLE = YES;
				IPHONEOS_DEPLOYMENT_TARGET = 15.5;
				MTL_ENABLE_DEBUG_INFO = INCLUDE_SOURCE;
				MTL_FAST_MATH = YES;
				ONLY_ACTIVE_ARCH = YES;
				SDKROOT = iphoneos;
				SWIFT_ACTIVE_COMPILATION_CONDITIONS = DEBUG;
				SWIFT_OPTIMIZATION_LEVEL = "-Onone";
			};
			name = Debug;
		};
		32AD087728E2191F00F5A3B3 /* Release */ = {
			isa = XCBuildConfiguration;
			buildSettings = {
				ALWAYS_SEARCH_USER_PATHS = NO;
				CLANG_ANALYZER_NONNULL = YES;
				CLANG_ANALYZER_NUMBER_OBJECT_CONVERSION = YES_AGGRESSIVE;
				CLANG_CXX_LANGUAGE_STANDARD = "gnu++17";
				CLANG_ENABLE_MODULES = YES;
				CLANG_ENABLE_OBJC_ARC = YES;
				CLANG_ENABLE_OBJC_WEAK = YES;
				CLANG_WARN_BLOCK_CAPTURE_AUTORELEASING = YES;
				CLANG_WARN_BOOL_CONVERSION = YES;
				CLANG_WARN_COMMA = YES;
				CLANG_WARN_CONSTANT_CONVERSION = YES;
				CLANG_WARN_DEPRECATED_OBJC_IMPLEMENTATIONS = YES;
				CLANG_WARN_DIRECT_OBJC_ISA_USAGE = YES_ERROR;
				CLANG_WARN_DOCUMENTATION_COMMENTS = YES;
				CLANG_WARN_EMPTY_BODY = YES;
				CLANG_WARN_ENUM_CONVERSION = YES;
				CLANG_WARN_INFINITE_RECURSION = YES;
				CLANG_WARN_INT_CONVERSION = YES;
				CLANG_WARN_NON_LITERAL_NULL_CONVERSION = YES;
				CLANG_WARN_OBJC_IMPLICIT_RETAIN_SELF = YES;
				CLANG_WARN_OBJC_LITERAL_CONVERSION = YES;
				CLANG_WARN_OBJC_ROOT_CLASS = YES_ERROR;
				CLANG_WARN_QUOTED_INCLUDE_IN_FRAMEWORK_HEADER = YES;
				CLANG_WARN_RANGE_LOOP_ANALYSIS = YES;
				CLANG_WARN_STRICT_PROTOTYPES = YES;
				CLANG_WARN_SUSPICIOUS_MOVE = YES;
				CLANG_WARN_UNGUARDED_AVAILABILITY = YES_AGGRESSIVE;
				CLANG_WARN_UNREACHABLE_CODE = YES;
				CLANG_WARN__DUPLICATE_METHOD_MATCH = YES;
				COPY_PHASE_STRIP = NO;
				DEBUG_INFORMATION_FORMAT = "dwarf-with-dsym";
				ENABLE_NS_ASSERTIONS = NO;
				ENABLE_STRICT_OBJC_MSGSEND = YES;
				GCC_C_LANGUAGE_STANDARD = gnu11;
				GCC_NO_COMMON_BLOCKS = YES;
				GCC_WARN_64_TO_32_BIT_CONVERSION = YES;
				GCC_WARN_ABOUT_RETURN_TYPE = YES_ERROR;
				GCC_WARN_UNDECLARED_SELECTOR = YES;
				GCC_WARN_UNINITIALIZED_AUTOS = YES_AGGRESSIVE;
				GCC_WARN_UNUSED_FUNCTION = YES;
				GCC_WARN_UNUSED_VARIABLE = YES;
				IPHONEOS_DEPLOYMENT_TARGET = 15.5;
				MTL_ENABLE_DEBUG_INFO = NO;
				MTL_FAST_MATH = YES;
				SDKROOT = iphoneos;
				SWIFT_COMPILATION_MODE = wholemodule;
				SWIFT_OPTIMIZATION_LEVEL = "-O";
				VALIDATE_PRODUCT = YES;
			};
			name = Release;
		};
		32AD087928E2191F00F5A3B3 /* Debug */ = {
			isa = XCBuildConfiguration;
			buildSettings = {
				ASSETCATALOG_COMPILER_APPICON_NAME = AppIcon;
				ASSETCATALOG_COMPILER_GLOBAL_ACCENT_COLOR_NAME = AccentColor;
				CODE_SIGN_STYLE = Automatic;
				CURRENT_PROJECT_VERSION = 1;
				DEVELOPMENT_TEAM = DK47ZGQX9C;
				GENERATE_INFOPLIST_FILE = YES;
				INFOPLIST_FILE = "Data Transfer/Info.plist";
				INFOPLIST_KEY_UIApplicationSupportsIndirectInputEvents = YES;
				INFOPLIST_KEY_UILaunchStoryboardName = LaunchScreen;
				INFOPLIST_KEY_UIMainStoryboardFile = Main;
				INFOPLIST_KEY_UISupportedInterfaceOrientations_iPad = "UIInterfaceOrientationPortrait UIInterfaceOrientationPortraitUpsideDown UIInterfaceOrientationLandscapeLeft UIInterfaceOrientationLandscapeRight";
				INFOPLIST_KEY_UISupportedInterfaceOrientations_iPhone = "UIInterfaceOrientationPortrait UIInterfaceOrientationLandscapeLeft UIInterfaceOrientationLandscapeRight";
				LD_RUNPATH_SEARCH_PATHS = (
					"$(inherited)",
					"@executable_path/Frameworks",
				);
				MARKETING_VERSION = 1.0;
				PRODUCT_BUNDLE_IDENTIFIER = "com.yusufkeskin.Data-Transfer";
				PRODUCT_NAME = "$(TARGET_NAME)";
				SWIFT_EMIT_LOC_STRINGS = YES;
				SWIFT_VERSION = 5.0;
				TARGETED_DEVICE_FAMILY = "1,2";
			};
			name = Debug;
		};
		32AD087A28E2191F00F5A3B3 /* Release */ = {
			isa = XCBuildConfiguration;
			buildSettings = {
				ASSETCATALOG_COMPILER_APPICON_NAME = AppIcon;
				ASSETCATALOG_COMPILER_GLOBAL_ACCENT_COLOR_NAME = AccentColor;
				CODE_SIGN_STYLE = Automatic;
				CURRENT_PROJECT_VERSION = 1;
				DEVELOPMENT_TEAM = DK47ZGQX9C;
				GENERATE_INFOPLIST_FILE = YES;
				INFOPLIST_FILE = "Data Transfer/Info.plist";
				INFOPLIST_KEY_UIApplicationSupportsIndirectInputEvents = YES;
				INFOPLIST_KEY_UILaunchStoryboardName = LaunchScreen;
				INFOPLIST_KEY_UIMainStoryboardFile = Main;
				INFOPLIST_KEY_UISupportedInterfaceOrientations_iPad = "UIInterfaceOrientationPortrait UIInterfaceOrientationPortraitUpsideDown UIInterfaceOrientationLandscapeLeft UIInterfaceOrientationLandscapeRight";
				INFOPLIST_KEY_UISupportedInterfaceOrientations_iPhone = "UIInterfaceOrientationPortrait UIInterfaceOrientationLandscapeLeft UIInterfaceOrientationLandscapeRight";
				LD_RUNPATH_SEARCH_PATHS = (
					"$(inherited)",
					"@executable_path/Frameworks",
				);
				MARKETING_VERSION = 1.0;
				PRODUCT_BUNDLE_IDENTIFIER = "com.yusufkeskin.Data-Transfer";
				PRODUCT_NAME = "$(TARGET_NAME)";
				SWIFT_EMIT_LOC_STRINGS = YES;
				SWIFT_VERSION = 5.0;
				TARGETED_DEVICE_FAMILY = "1,2";
			};
			name = Release;
		};
/* End XCBuildConfiguration section */

/* Begin XCConfigurationList section */
		32AD085F28E2191D00F5A3B3 /* Build configuration list for PBXProject "Data Transfer" */ = {
			isa = XCConfigurationList;
			buildConfigurations = (
				32AD087628E2191F00F5A3B3 /* Debug */,
				32AD087728E2191F00F5A3B3 /* Release */,
			);
			defaultConfigurationIsVisible = 0;
			defaultConfigurationName = Release;
		};
		32AD087828E2191F00F5A3B3 /* Build configuration list for PBXNativeTarget "Data Transfer" */ = {
			isa = XCConfigurationList;
			buildConfigurations = (
				32AD087928E2191F00F5A3B3 /* Debug */,
				32AD087A28E2191F00F5A3B3 /* Release */,
			);
			defaultConfigurationIsVisible = 0;
			defaultConfigurationName = Release;
		};
/* End XCConfigurationList section */
	};
	rootObject = 32AD085C28E2191D00F5A3B3 /* Project object */;
}
